
Microsoft Visual Studio Solution File, Format Version 12.00
# Visual Studio 14
VisualStudioVersion = 14.0.25420.1
MinimumVisualStudioVersion = 10.0.40219.1
Project("{2150E333-8FDC-42A3-9474-1A3956D46DE8}") = "src", "src", "{ED885604-BFAC-4D5E-8B31-1C529D5EEE5C}"
EndProject
Project("{2150E333-8FDC-42A3-9474-1A3956D46DE8}") = "Solution Items", "Solution Items", "{866DE87C-6168-4302-B2C6-5382ABA5568B}"
	ProjectSection(SolutionItems) = preProject
		global.json = global.json
	EndProjectSection
EndProject
Project("{8BB2217D-0F2D-49D1-97BC-3654ED321F3B}") = "WebSite", "src\WebSite\WebSite.xproj", "{C8748564-247F-400B-A824-7C2AB4BE282F}"
EndProject
Global
	GlobalSection(SolutionConfigurationPlatforms) = preSolution
		Debug|Any CPU = Debug|Any CPU
		Release|Any CPU = Release|Any CPU
	EndGlobalSection
	GlobalSection(ProjectConfigurationPlatforms) = postSolution
		{C8748564-247F-400B-A824-7C2AB4BE282F}.Debug|Any CPU.ActiveCfg = Debug|Any CPU
		{C8748564-247F-400B-A824-7C2AB4BE282F}.Debug|Any CPU.Build.0 = Debug|Any CPU
		{C8748564-247F-400B-A824-7C2AB4BE282F}.Release|Any CPU.ActiveCfg = Release|Any CPU
		{C8748564-247F-400B-A824-7C2AB4BE282F}.Release|Any CPU.Build.0 = Release|Any CPU
	EndGlobalSection
	GlobalSection(SolutionProperties) = preSolution
		HideSolutionNode = FALSE
	EndGlobalSection
	GlobalSection(NestedProjects) = preSolution
		{C8748564-247F-400B-A824-7C2AB4BE282F} = {ED885604-BFAC-4D5E-8B31-1C529D5EEE5C}
	EndGlobalSection
EndGlobal
